
Microsoft Visual Studio Solution File, Format Version 12.00
# Visual Studio 2012
Project("{FAE04EC0-301F-11D3-BF4B-00C04F79EFBC}") = "Demo.Manage", "Demo.Manage\Demo.Manage.csproj", "{40FC331E-8DFD-4C76-853E-65317E5E329A}"
EndProject
Project("{FAE04EC0-301F-11D3-BF4B-00C04F79EFBC}") = "Demo.Core", "Demo.Core\Demo.Core.csproj", "{6610CC8D-775D-4365-8E23-927D2886EE72}"
EndProject
Project("{00D1A9C2-B5F0-4AF3-8072-F6C62B433612}") = "Demo.DB", "Demo.DB\Demo.DB.sqlproj", "{C56FBA47-B3A7-423B-B942-34D9CA43D9CC}"
EndProject
Project("{2150E333-8FDC-42A3-9474-1A3956D46DE8}") = ".nuget", ".nuget", "{2B88D20C-92A7-43CE-B234-9AE39C3FD116}"
	ProjectSection(SolutionItems) = preProject
		.nuget\NuGet.Config = .nuget\NuGet.Config
		.nuget\NuGet.exe = .nuget\NuGet.exe
		.nuget\NuGet.targets = .nuget\NuGet.targets
	EndProjectSection
EndProject
Project("{FAE04EC0-301F-11D3-BF4B-00C04F79EFBC}") = "Demo.UI", "Demo.UI\Demo.UI.csproj", "{6A36B5DD-9694-4D80-B62D-B00103FF0D48}"
EndProject
Global
	GlobalSection(SolutionConfigurationPlatforms) = preSolution
		Debug|Any CPU = Debug|Any CPU
		Release|Any CPU = Release|Any CPU
	EndGlobalSection
	GlobalSection(ProjectConfigurationPlatforms) = postSolution
		{40FC331E-8DFD-4C76-853E-65317E5E329A}.Debug|Any CPU.ActiveCfg = Debug|Any CPU
		{40FC331E-8DFD-4C76-853E-65317E5E329A}.Debug|Any CPU.Build.0 = Debug|Any CPU
		{40FC331E-8DFD-4C76-853E-65317E5E329A}.Release|Any CPU.ActiveCfg = Release|Any CPU
		{40FC331E-8DFD-4C76-853E-65317E5E329A}.Release|Any CPU.Build.0 = Release|Any CPU
		{6610CC8D-775D-4365-8E23-927D2886EE72}.Debug|Any CPU.ActiveCfg = Debug|Any CPU
		{6610CC8D-775D-4365-8E23-927D2886EE72}.Debug|Any CPU.Build.0 = Debug|Any CPU
		{6610CC8D-775D-4365-8E23-927D2886EE72}.Release|Any CPU.ActiveCfg = Release|Any CPU
		{6610CC8D-775D-4365-8E23-927D2886EE72}.Release|Any CPU.Build.0 = Release|Any CPU
		{C56FBA47-B3A7-423B-B942-34D9CA43D9CC}.Debug|Any CPU.ActiveCfg = Debug|Any CPU
		{C56FBA47-B3A7-423B-B942-34D9CA43D9CC}.Debug|Any CPU.Build.0 = Debug|Any CPU
		{C56FBA47-B3A7-423B-B942-34D9CA43D9CC}.Release|Any CPU.ActiveCfg = Release|Any CPU
		{C56FBA47-B3A7-423B-B942-34D9CA43D9CC}.Release|Any CPU.Build.0 = Release|Any CPU
		{C56FBA47-B3A7-423B-B942-34D9CA43D9CC}.Release|Any CPU.Deploy.0 = Release|Any CPU
		{6A36B5DD-9694-4D80-B62D-B00103FF0D48}.Debug|Any CPU.ActiveCfg = Debug|Any CPU
		{6A36B5DD-9694-4D80-B62D-B00103FF0D48}.Debug|Any CPU.Build.0 = Debug|Any CPU
		{6A36B5DD-9694-4D80-B62D-B00103FF0D48}.Release|Any CPU.ActiveCfg = Release|Any CPU
		{6A36B5DD-9694-4D80-B62D-B00103FF0D48}.Release|Any CPU.Build.0 = Release|Any CPU
	EndGlobalSection
	GlobalSection(SolutionProperties) = preSolution
		HideSolutionNode = FALSE
	EndGlobalSection
EndGlobal
